
Microsoft Visual Studio Solution File, Format Version 12.00
# Visual Studio Version 16
VisualStudioVersion = 16.0.28803.352
MinimumVisualStudioVersion = 10.0.40219.1
Project("{FAE04EC0-301F-11D3-BF4B-00C04F79EFBC}") = "SimpleSearch", "SimpleSearch.csproj", "{E101EEF6-C4EC-4472-803D-190B1FEA994C}"
EndProject
Global
	GlobalSection(SolutionConfigurationPlatforms) = preSolution
		Debug|x86 = Debug|x86
		Release|x86 = Release|x86
	EndGlobalSection
	GlobalSection(ProjectConfigurationPlatforms) = postSolution
		{E101EEF6-C4EC-4472-803D-190B1FEA994C}.Debug|x86.ActiveCfg = Debug|Any CPU
		{E101EEF6-C4EC-4472-803D-190B1FEA994C}.Debug|x86.Build.0 = Debug|Any CPU
		{E101EEF6-C4EC-4472-803D-190B1FEA994C}.Release|x86.ActiveCfg = Release|Any CPU
		{E101EEF6-C4EC-4472-803D-190B1FEA994C}.Release|x86.Build.0 = Release|Any CPU
	EndGlobalSection
	GlobalSection(SolutionProperties) = preSolution
		HideSolutionNode = FALSE
	EndGlobalSection
	GlobalSection(ExtensibilityGlobals) = postSolution
		SolutionGuid = {78BF05ED-EFDF-4AFC-9735-9D24C96D97BB}
	EndGlobalSection
EndGlobal
